
Microsoft Visual Studio Solution File, Format Version 12.00
# Visual Studio Version 16
VisualStudioVersion = 16.0.31729.503
MinimumVisualStudioVersion = 10.0.40219.1
Project("{9A19103F-16F7-4668-BE54-9A1E7A4F7556}") = "TheBadTwin", "TheBadTwin\TheBadTwin.csproj", "{DE9A70D3-FB33-4B7F-8530-CA6B39F7B4EB}"
EndProject
Global
	GlobalSection(SolutionConfigurationPlatforms) = preSolution
		Debug|Any CPU = Debug|Any CPU
		Release|Any CPU = Release|Any CPU
	EndGlobalSection
	GlobalSection(ProjectConfigurationPlatforms) = postSolution
		{DE9A70D3-FB33-4B7F-8530-CA6B39F7B4EB}.Debug|Any CPU.ActiveCfg = Debug|Any CPU
		{DE9A70D3-FB33-4B7F-8530-CA6B39F7B4EB}.Debug|Any CPU.Build.0 = Debug|Any CPU
		{DE9A70D3-FB33-4B7F-8530-CA6B39F7B4EB}.Release|Any CPU.ActiveCfg = Release|Any CPU
		{DE9A70D3-FB33-4B7F-8530-CA6B39F7B4EB}.Release|Any CPU.Build.0 = Release|Any CPU
	EndGlobalSection
	GlobalSection(SolutionProperties) = preSolution
		HideSolutionNode = FALSE
	EndGlobalSection
	GlobalSection(ExtensibilityGlobals) = postSolution
		SolutionGuid = {6A9BE647-9921-4EA2-99A7-61D5F0E73B38}
	EndGlobalSection
EndGlobal
